PODS:
  - SDWebImage (5.17.0):
    - SDWebImage/Core (= 5.17.0)
  - SDWebImage/Core (5.17.0)
  - SKPhotoBrowser (7.1.0)

DEPENDENCIES:
  - SDWebImage
  - SKPhotoBrowser

SPEC REPOS:
  trunk:
    - SDWebImage
    - SKPhotoBrowser

SPEC CHECKSUMS:
  SDWebImage: 750adf017a315a280c60fde706ab1e552a3ae4e9
  SKPhotoBrowser: cd95b95a6f352fc2a50992721299f75ead77f9ab

PODFILE CHECKSUM: 715ee3cb2b800183c92340e142448bfabe95f37a

COCOAPODS: 1.12.1
