// !$*UTF8*$!
{
	archiveVersion = 1;
	classes = {
	};
	objectVersion = 48;
	objects = {

/* Begin PBXBuildFile section */
		0E0EDC8B1FB0088000EA7CC0 /* AppDelegate.swift in Sources */ = {isa = PBXBuildFile; fileRef = 0E0EDC8A1FB0088000EA7CC0 /* AppDelegate.swift */; };
		0E0EDC8D1FB0088000EA7CC0 /* WebviewController.swift in Sources */ = {isa = PBXBuildFile; fileRef = 0E0EDC8C1FB0088000EA7CC0 /* WebviewController.swift */; };
		0E0EDC901FB0088000EA7CC0 /* Main.storyboard in Resources */ = {isa = PBXBuildFile; fileRef = 0E0EDC8E1FB0088000EA7CC0 /* Main.storyboard */; };
		0E0EDC921FB0088000EA7CC0 /* Assets.xcassets in Resources */ = {isa = PBXBuildFile; fileRef = 0E0EDC911FB0088000EA7CC0 /* Assets.xcassets */; };
		0E0EDC951FB0088000EA7CC0 /* LaunchScreen.storyboard in Resources */ = {isa = PBXBuildFile; fileRef = 0E0EDC931FB0088000EA7CC0 /* LaunchScreen.storyboard */; };
		0E0EDCA01FB0088100EA7CC0 /* HKMLAppTests.swift in Sources */ = {isa = PBXBuildFile; fileRef = 0E0EDC9F1FB0088100EA7CC0 /* HKMLAppTests.swift */; };
		0E0EDCAB1FB0088100EA7CC0 /* HKMLAppUITests.swift in Sources */ = {isa = PBXBuildFile; fileRef = 0E0EDCAA1FB0088100EA7CC0 /* HKMLAppUITests.swift */; };
		0E379ECB1FB969290027B19C /* home@2x.png in Resources */ = {isa = PBXBuildFile; fileRef = 0E379EC91FB969280027B19C /* home@2x.png */; };
		0E379ECC1FB969290027B19C /* home@3x.png in Resources */ = {isa = PBXBuildFile; fileRef = 0E379ECA1FB969290027B19C /* home@3x.png */; };
		0E379ECF1FB9746A0027B19C /* share@2x.png in Resources */ = {isa = PBXBuildFile; fileRef = 0E379ECD1FB974690027B19C /* share@2x.png */; };
		0E379ED01FB9746A0027B19C /* share@3x.png in Resources */ = {isa = PBXBuildFile; fileRef = 0E379ECE1FB9746A0027B19C /* share@3x.png */; };
		0E3A01C21FFA2DB200192CAC /* LoginViewController.swift in Sources */ = {isa = PBXBuildFile; fileRef = 0E3A01C11FFA2DB200192CAC /* LoginViewController.swift */; };
		0E3A023E1FFC9DA900192CAC /* MultipageViewController.swift in Sources */ = {isa = PBXBuildFile; fileRef = 0E3A023D1FFC9DA900192CAC /* MultipageViewController.swift */; };
		0E5743E72056309A001653AC /* StringExtension.swift in Sources */ = {isa = PBXBuildFile; fileRef = 0E5743E62056309A001653AC /* StringExtension.swift */; };
		0E6235DD2016460800C67A70 /* SDToSKCache.swift in Sources */ = {isa = PBXBuildFile; fileRef = 0E6235DC2016460800C67A70 /* SDToSKCache.swift */; };
		0E6607261FCBB77F00B168ED /* MasterViewController.swift in Sources */ = {isa = PBXBuildFile; fileRef = 0E6607231FCBB77F00B168ED /* MasterViewController.swift */; };
		0E6607271FCBB77F00B168ED /* TopModelsTableViewCell.swift in Sources */ = {isa = PBXBuildFile; fileRef = 0E6607241FCBB77F00B168ED /* TopModelsTableViewCell.swift */; };
		0E794942205122DB007B0A54 /* FBViewController.swift in Sources */ = {isa = PBXBuildFile; fileRef = 0E794941205122DB007B0A54 /* FBViewController.swift */; };
		0E7949442051298A007B0A54 /* fb.png in Resources */ = {isa = PBXBuildFile; fileRef = 0E79494320512989007B0A54 /* fb.png */; };
		0E8E224E20163C490072CC47 /* SwissArmyKnife.swift in Sources */ = {isa = PBXBuildFile; fileRef = 0E8E224D20163C490072CC47 /* SwissArmyKnife.swift */; };
		0EA162281FCC86D4000819AC /* splash_icon@3x.png in Resources */ = {isa = PBXBuildFile; fileRef = 0EA162261FCC86D3000819AC /* splash_icon@3x.png */; };
		0EA162291FCC86D4000819AC /* splash_icon@2x.png in Resources */ = {isa = PBXBuildFile; fileRef = 0EA162271FCC86D3000819AC /* splash_icon@2x.png */; };
		0ED69044201B2FBC002DB5B2 /* jquery-1.12.4.min.js in Resources */ = {isa = PBXBuildFile; fileRef = 0ED69043201B2FBC002DB5B2 /* jquery-1.12.4.min.js */; };
		0ED69046201B3024002DB5B2 /* getLoginStatus.js in Resources */ = {isa = PBXBuildFile; fileRef = 0ED69045201B3024002DB5B2 /* getLoginStatus.js */; };
		0ED69048201B31F3002DB5B2 /* getTopModels.js in Resources */ = {isa = PBXBuildFile; fileRef = 0ED69047201B31F3002DB5B2 /* getTopModels.js */; };
		0ED6904A201B32BD002DB5B2 /* getModelPhotos.js in Resources */ = {isa = PBXBuildFile; fileRef = 0ED69049201B32BD002DB5B2 /* getModelPhotos.js */; };
		0ED6904D201B349C002DB5B2 /* hkmlApp.js in Resources */ = {isa = PBXBuildFile; fileRef = 0ED6904B201B349C002DB5B2 /* hkmlApp.js */; };
		0ED6904E201B349C002DB5B2 /* jquery.touchSwipe.min.js in Resources */ = {isa = PBXBuildFile; fileRef = 0ED6904C201B349C002DB5B2 /* jquery.touchSwipe.min.js */; };
		0ED94A641FE26552000BAD2E /* DetailViewController.swift in Sources */ = {isa = PBXBuildFile; fileRef = 0ED94A631FE26552000BAD2E /* DetailViewController.swift */; };
		0ED94A661FE27507000BAD2E /* DetailTableViewCell.swift in Sources */ = {isa = PBXBuildFile; fileRef = 0ED94A651FE27506000BAD2E /* DetailTableViewCell.swift */; };
		0EF7BA3B1FB2EB58008FCB04 /* forward@3x.png in Resources */ = {isa = PBXBuildFile; fileRef = 0EF7BA351FB2EB57008FCB04 /* forward@3x.png */; };
		0EF7BA3C1FB2EB58008FCB04 /* refresh@3x.png in Resources */ = {isa = PBXBuildFile; fileRef = 0EF7BA361FB2EB57008FCB04 /* refresh@3x.png */; };
		0EF7BA3D1FB2EB58008FCB04 /* forward@2x.png in Resources */ = {isa = PBXBuildFile; fileRef = 0EF7BA371FB2EB57008FCB04 /* forward@2x.png */; };
		0EF7BA3E1FB2EB58008FCB04 /* refresh@2x.png in Resources */ = {isa = PBXBuildFile; fileRef = 0EF7BA381FB2EB58008FCB04 /* refresh@2x.png */; };
		0EF7BA3F1FB2EB58008FCB04 /* back@3x.png in Resources */ = {isa = PBXBuildFile; fileRef = 0EF7BA391FB2EB58008FCB04 /* back@3x.png */; };
		0EF7BA401FB2EB58008FCB04 /* back@2x.png in Resources */ = {isa = PBXBuildFile; fileRef = 0EF7BA3A1FB2EB58008FCB04 /* back@2x.png */; };
		691DBB8F1E7E2E538D2EBD02 /* Pods_HKMLApp.framework in Frameworks */ = {isa = PBXBuildFile; fileRef = D1FE86822878F89C72B482E2 /* Pods_HKMLApp.framework */; };
		6D55D7B959879E2AFDDB727A /* Pods_HKMLAppTests.framework in Frameworks */ = {isa = PBXBuildFile; fileRef = 0DF2D66C98CE7679FE657AF7 /* Pods_HKMLAppTests.framework */; };
		6FA82CDC492D447BEA9F5BE6 /* Pods_HKMLAppUITests.framework in Frameworks */ = {isa = PBXBuildFile; fileRef = 3BE6CB41C0A436D921A60C8E /* Pods_HKMLAppUITests.framework */; };
/* End PBXBuildFile section */

/* Begin PBXContainerItemProxy section */
		0E0EDC9C1FB0088100EA7CC0 /* PBXContainerItemProxy */ = {
			isa = PBXContainerItemProxy;
			containerPortal = 0E0EDC7F1FB0088000EA7CC0 /* Project object */;
			proxyType = 1;
			remoteGlobalIDString = 0E0EDC861FB0088000EA7CC0;
			remoteInfo = HKMLApp;
		};
		0E0EDCA71FB0088100EA7CC0 /* PBXContainerItemProxy */ = {
			isa = PBXContainerItemProxy;
			containerPortal = 0E0EDC7F1FB0088000EA7CC0 /* Project object */;
			proxyType = 1;
			remoteGlobalIDString = 0E0EDC861FB0088000EA7CC0;
			remoteInfo = HKMLApp;
		};
/* End PBXContainerItemProxy section */

/* Begin PBXFileReference section */
		0DF2D66C98CE7679FE657AF7 /* Pods_HKMLAppTests.framework */ = {isa = PBXFileReference; explicitFileType = wrapper.framework; includeInIndex = 0; path = Pods_HKMLAppTests.framework; sourceTree = BUILT_PRODUCTS_DIR; };
		0E0023EB20247D8500F1420F /* HKMLApp.entitlements */ = {isa = PBXFileReference; lastKnownFileType = text.plist.entitlements; path = HKMLApp.entitlements; sourceTree = "<group>"; };
		0E0EDC871FB0088000EA7CC0 /* HKMLApp.app */ = {isa = PBXFileReference; explicitFileType = wrapper.application; includeInIndex = 0; path = HKMLApp.app; sourceTree = BUILT_PRODUCTS_DIR; };
		0E0EDC8A1FB0088000EA7CC0 /* AppDelegate.swift */ = {isa = PBXFileReference; lastKnownFileType = sourcecode.swift; path = AppDelegate.swift; sourceTree = "<group>"; };
		0E0EDC8C1FB0088000EA7CC0 /* WebviewController.swift */ = {isa = PBXFileReference; lastKnownFileType = sourcecode.swift; path = WebviewController.swift; sourceTree = "<group>"; };
		0E0EDC8F1FB0088000EA7CC0 /* Base */ = {isa = PBXFileReference; lastKnownFileType = file.storyboard; name = Base; path = Base.lproj/Main.storyboard; sourceTree = "<group>"; };
		0E0EDC911FB0088000EA7CC0 /* Assets.xcassets */ = {isa = PBXFileReference; lastKnownFileType = folder.assetcatalog; path = Assets.xcassets; sourceTree = "<group>"; };
		0E0EDC941FB0088000EA7CC0 /* Base */ = {isa = PBXFileReference; lastKnownFileType = file.storyboard; name = Base; path = Base.lproj/LaunchScreen.storyboard; sourceTree = "<group>"; };
		0E0EDC961FB0088100EA7CC0 /* Info.plist */ = {isa = PBXFileReference; lastKnownFileType = text.plist.xml; path = Info.plist; sourceTree = "<group>"; };
		0E0EDC9B1FB0088100EA7CC0 /* HKMLAppTests.xctest */ = {isa = PBXFileReference; explicitFileType = wrapper.cfbundle; includeInIndex = 0; path = HKMLAppTests.xctest; sourceTree = BUILT_PRODUCTS_DIR; };
		0E0EDC9F1FB0088100EA7CC0 /* HKMLAppTests.swift */ = {isa = PBXFileReference; lastKnownFileType = sourcecode.swift; path = HKMLAppTests.swift; sourceTree = "<group>"; };
		0E0EDCA11FB0088100EA7CC0 /* Info.plist */ = {isa = PBXFileReference; lastKnownFileType = text.plist.xml; path = Info.plist; sourceTree = "<group>"; };
		0E0EDCA61FB0088100EA7CC0 /* HKMLAppUITests.xctest */ = {isa = PBXFileReference; explicitFileType = wrapper.cfbundle; includeInIndex = 0; path = HKMLAppUITests.xctest; sourceTree = BUILT_PRODUCTS_DIR; };
		0E0EDCAA1FB0088100EA7CC0 /* HKMLAppUITests.swift */ = {isa = PBXFileReference; lastKnownFileType = sourcecode.swift; path = HKMLAppUITests.swift; sourceTree = "<group>"; };
		0E0EDCAC1FB0088100EA7CC0 /* Info.plist */ = {isa = PBXFileReference; lastKnownFileType = text.plist.xml; path = Info.plist; sourceTree = "<group>"; };
		0E379EC91FB969280027B19C /* home@2x.png */ = {isa = PBXFileReference; lastKnownFileType = image.png; name = "home@2x.png"; path = "images/home@2x.png"; sourceTree = "<group>"; };
		0E379ECA1FB969290027B19C /* home@3x.png */ = {isa = PBXFileReference; lastKnownFileType = image.png; name = "home@3x.png"; path = "images/home@3x.png"; sourceTree = "<group>"; };
		0E379ECD1FB974690027B19C /* share@2x.png */ = {isa = PBXFileReference; lastKnownFileType = image.png; name = "share@2x.png"; path = "images/share@2x.png"; sourceTree = "<group>"; };
		0E379ECE1FB9746A0027B19C /* share@3x.png */ = {isa = PBXFileReference; lastKnownFileType = image.png; name = "share@3x.png"; path = "images/share@3x.png"; sourceTree = "<group>"; };
		0E3A01C11FFA2DB200192CAC /* LoginViewController.swift */ = {isa = PBXFileReference; fileEncoding = 4; lastKnownFileType = sourcecode.swift; path = LoginViewController.swift; sourceTree = "<group>"; };
		0E3A023D1FFC9DA900192CAC /* MultipageViewController.swift */ = {isa = PBXFileReference; lastKnownFileType = sourcecode.swift; path = MultipageViewController.swift; sourceTree = "<group>"; };
		0E5743E62056309A001653AC /* StringExtension.swift */ = {isa = PBXFileReference; fileEncoding = 4; lastKnownFileType = sourcecode.swift; path = StringExtension.swift; sourceTree = "<group>"; };
		0E6235DC2016460800C67A70 /* SDToSKCache.swift */ = {isa = PBXFileReference; lastKnownFileType = sourcecode.swift; path = SDToSKCache.swift; sourceTree = "<group>"; };
		0E6607231FCBB77F00B168ED /* MasterViewController.swift */ = {isa = PBXFileReference; fileEncoding = 4; lastKnownFileType = sourcecode.swift; path = MasterViewController.swift; sourceTree = "<group>"; };
		0E6607241FCBB77F00B168ED /* TopModelsTableViewCell.swift */ = {isa = PBXFileReference; fileEncoding = 4; lastKnownFileType = sourcecode.swift; path = TopModelsTableViewCell.swift; sourceTree = "<group>"; };
		0E794941205122DB007B0A54 /* FBViewController.swift */ = {isa = PBXFileReference; fileEncoding = 4; lastKnownFileType = sourcecode.swift; path = FBViewController.swift; sourceTree = "<group>"; };
		0E79494320512989007B0A54 /* fb.png */ = {isa = PBXFileReference; lastKnownFileType = image.png; name = fb.png; path = images/fb.png; sourceTree = "<group>"; };
		0E8E224D20163C490072CC47 /* SwissArmyKnife.swift */ = {isa = PBXFileReference; lastKnownFileType = sourcecode.swift; path = SwissArmyKnife.swift; sourceTree = "<group>"; };
		0EA162261FCC86D3000819AC /* splash_icon@3x.png */ = {isa = PBXFileReference; lastKnownFileType = image.png; name = "splash_icon@3x.png"; path = "images/splash_icon@3x.png"; sourceTree = "<group>"; };
		0EA162271FCC86D3000819AC /* splash_icon@2x.png */ = {isa = PBXFileReference; lastKnownFileType = image.png; name = "splash_icon@2x.png"; path = "images/splash_icon@2x.png"; sourceTree = "<group>"; };
		0ED69043201B2FBC002DB5B2 /* jquery-1.12.4.min.js */ = {isa = PBXFileReference; fileEncoding = 4; lastKnownFileType = sourcecode.javascript; name = "jquery-1.12.4.min.js"; path = "Resources/jquery-1.12.4.min.js"; sourceTree = "<group>"; };
		0ED69045201B3024002DB5B2 /* getLoginStatus.js */ = {isa = PBXFileReference; fileEncoding = 4; lastKnownFileType = sourcecode.javascript; name = getLoginStatus.js; path = Resources/getLoginStatus.js; sourceTree = "<group>"; };
		0ED69047201B31F3002DB5B2 /* getTopModels.js */ = {isa = PBXFileReference; fileEncoding = 4; lastKnownFileType = sourcecode.javascript; name = getTopModels.js; path = Resources/getTopModels.js; sourceTree = "<group>"; };
		0ED69049201B32BD002DB5B2 /* getModelPhotos.js */ = {isa = PBXFileReference; fileEncoding = 4; lastKnownFileType = sourcecode.javascript; name = getModelPhotos.js; path = Resources/getModelPhotos.js; sourceTree = "<group>"; };
		0ED6904B201B349C002DB5B2 /* hkmlApp.js */ = {isa = PBXFileReference; fileEncoding = 4; lastKnownFileType = sourcecode.javascript; name = hkmlApp.js; path = Resources/hkmlApp.js; sourceTree = "<group>"; };
		0ED6904C201B349C002DB5B2 /* jquery.touchSwipe.min.js */ = {isa = PBXFileReference; fileEncoding = 4; lastKnownFileType = sourcecode.javascript; name = jquery.touchSwipe.min.js; path = Resources/jquery.touchSwipe.min.js; sourceTree = "<group>"; };
		0ED94A631FE26552000BAD2E /* DetailViewController.swift */ = {isa = PBXFileReference; fileEncoding = 4; lastKnownFileType = sourcecode.swift; path = DetailViewController.swift; sourceTree = "<group>"; };
		0ED94A651FE27506000BAD2E /* DetailTableViewCell.swift */ = {isa = PBXFileReference; fileEncoding = 4; lastKnownFileType = sourcecode.swift; path = DetailTableViewCell.swift; sourceTree = "<group>"; };
		0EF7BA351FB2EB57008FCB04 /* forward@3x.png */ = {isa = PBXFileReference; lastKnownFileType = image.png; name = "forward@3x.png"; path = "images/forward@3x.png"; sourceTree = "<group>"; };
		0EF7BA361FB2EB57008FCB04 /* refresh@3x.png */ = {isa = PBXFileReference; lastKnownFileType = image.png; name = "refresh@3x.png"; path = "images/refresh@3x.png"; sourceTree = "<group>"; };
		0EF7BA371FB2EB57008FCB04 /* forward@2x.png */ = {isa = PBXFileReference; lastKnownFileType = image.png; name = "forward@2x.png"; path = "images/forward@2x.png"; sourceTree = "<group>"; };
		0EF7BA381FB2EB58008FCB04 /* refresh@2x.png */ = {isa = PBXFileReference; lastKnownFileType = image.png; name = "refresh@2x.png"; path = "images/refresh@2x.png"; sourceTree = "<group>"; };
		0EF7BA391FB2EB58008FCB04 /* back@3x.png */ = {isa = PBXFileReference; lastKnownFileType = image.png; name = "back@3x.png"; path = "images/back@3x.png"; sourceTree = "<group>"; };
		0EF7BA3A1FB2EB58008FCB04 /* back@2x.png */ = {isa = PBXFileReference; lastKnownFileType = image.png; name = "back@2x.png"; path = "images/back@2x.png"; sourceTree = "<group>"; };
		3BE6CB41C0A436D921A60C8E /* Pods_HKMLAppUITests.framework */ = {isa = PBXFileReference; explicitFileType = wrapper.framework; includeInIndex = 0; path = Pods_HKMLAppUITests.framework; sourceTree = BUILT_PRODUCTS_DIR; };
		6AEF5214C9DE53AFBC907013 /* Pods-HKMLAppUITests.debug.xcconfig */ = {isa = PBXFileReference; includeInIndex = 1; lastKnownFileType = text.xcconfig; name = "Pods-HKMLAppUITests.debug.xcconfig"; path = "Pods/Target Support Files/Pods-HKMLAppUITests/Pods-HKMLAppUITests.debug.xcconfig"; sourceTree = "<group>"; };
		75AAF2549ACF870F86C6884E /* Pods-HKMLAppTests.debug.xcconfig */ = {isa = PBXFileReference; includeInIndex = 1; lastKnownFileType = text.xcconfig; name = "Pods-HKMLAppTests.debug.xcconfig"; path = "Pods/Target Support Files/Pods-HKMLAppTests/Pods-HKMLAppTests.debug.xcconfig"; sourceTree = "<group>"; };
		7A9ECFFC5C1CF0346F37506A /* Pods-HKMLAppTests.release.xcconfig */ = {isa = PBXFileReference; includeInIndex = 1; lastKnownFileType = text.xcconfig; name = "Pods-HKMLAppTests.release.xcconfig"; path = "Pods/Target Support Files/Pods-HKMLAppTests/Pods-HKMLAppTests.release.xcconfig"; sourceTree = "<group>"; };
		A7951B236B9C21B69C90F5C0 /* Pods-HKMLApp.debug.xcconfig */ = {isa = PBXFileReference; includeInIndex = 1; lastKnownFileType = text.xcconfig; name = "Pods-HKMLApp.debug.xcconfig"; path = "Pods/Target Support Files/Pods-HKMLApp/Pods-HKMLApp.debug.xcconfig"; sourceTree = "<group>"; };
		C18888402D96470B70255A0B /* Pods-HKMLApp.release.xcconfig */ = {isa = PBXFileReference; includeInIndex = 1; lastKnownFileType = text.xcconfig; name = "Pods-HKMLApp.release.xcconfig"; path = "Pods/Target Support Files/Pods-HKMLApp/Pods-HKMLApp.release.xcconfig"; sourceTree = "<group>"; };
		D1FE86822878F89C72B482E2 /* Pods_HKMLApp.framework */ = {isa = PBXFileReference; explicitFileType = wrapper.framework; includeInIndex = 0; path = Pods_HKMLApp.framework; sourceTree = BUILT_PRODUCTS_DIR; };
		E0D0A0AD211F9A423609DA44 /* Pods-HKMLAppUITests.release.xcconfig */ = {isa = PBXFileReference; includeInIndex = 1; lastKnownFileType = text.xcconfig; name = "Pods-HKMLAppUITests.release.xcconfig"; path = "Pods/Target Support Files/Pods-HKMLAppUITests/Pods-HKMLAppUITests.release.xcconfig"; sourceTree = "<group>"; };
/* End PBXFileReference section */

/* Begin PBXFrameworksBuildPhase section */
		0E0EDC841FB0088000EA7CC0 /* Frameworks */ = {
			isa = PBXFrameworksBuildPhase;
			buildActionMask = 2147483647;
			files = (
				691DBB8F1E7E2E538D2EBD02 /* Pods_HKMLApp.framework in Frameworks */,
			);
			runOnlyForDeploymentPostprocessing = 0;
		};
		0E0EDC981FB0088100EA7CC0 /* Frameworks */ = {
			isa = PBXFrameworksBuildPhase;
			buildActionMask = 2147483647;
			files = (
				6D55D7B959879E2AFDDB727A /* Pods_HKMLAppTests.framework in Frameworks */,
			);
			runOnlyForDeploymentPostprocessing = 0;
		};
		0E0EDCA31FB0088100EA7CC0 /* Frameworks */ = {
			isa = PBXFrameworksBuildPhase;
			buildActionMask = 2147483647;
			files = (
				6FA82CDC492D447BEA9F5BE6 /* Pods_HKMLAppUITests.framework in Frameworks */,
			);
			runOnlyForDeploymentPostprocessing = 0;
		};
/* End PBXFrameworksBuildPhase section */

/* Begin PBXGroup section */
		0E0EDC7E1FB0088000EA7CC0 = {
			isa = PBXGroup;
			children = (
				0E0EDC891FB0088000EA7CC0 /* HKMLApp */,
				0E0EDC9E1FB0088100EA7CC0 /* HKMLAppTests */,
				0E0EDCA91FB0088100EA7CC0 /* HKMLAppUITests */,
				0E0EDC881FB0088000EA7CC0 /* Products */,
				F985357C9A51F5B7CD37A97A /* Pods */,
				96C96FD0BEF12A30511F4F99 /* Frameworks */,
			);
			sourceTree = "<group>";
		};
		0E0EDC881FB0088000EA7CC0 /* Products */ = {
			isa = PBXGroup;
			children = (
				0E0EDC871FB0088000EA7CC0 /* HKMLApp.app */,
				0E0EDC9B1FB0088100EA7CC0 /* HKMLAppTests.xctest */,
				0E0EDCA61FB0088100EA7CC0 /* HKMLAppUITests.xctest */,
			);
			name = Products;
			sourceTree = "<group>";
		};
		0E0EDC891FB0088000EA7CC0 /* HKMLApp */ = {
			isa = PBXGroup;
			children = (
				0E0023EB20247D8500F1420F /* HKMLApp.entitlements */,
				0ED69045201B3024002DB5B2 /* getLoginStatus.js */,
				0ED69047201B31F3002DB5B2 /* getTopModels.js */,
				0ED69049201B32BD002DB5B2 /* getModelPhotos.js */,
				0ED69043201B2FBC002DB5B2 /* jquery-1.12.4.min.js */,
				0ED6904B201B349C002DB5B2 /* hkmlApp.js */,
				0ED6904C201B349C002DB5B2 /* jquery.touchSwipe.min.js */,
				0EF7BA341FB2EB41008FCB04 /* images */,
				0E0EDC8A1FB0088000EA7CC0 /* AppDelegate.swift */,
				0E3A01C11FFA2DB200192CAC /* LoginViewController.swift */,
				0E6607231FCBB77F00B168ED /* MasterViewController.swift */,
				0E6607241FCBB77F00B168ED /* TopModelsTableViewCell.swift */,
				0E3A023D1FFC9DA900192CAC /* MultipageViewController.swift */,
				0ED94A631FE26552000BAD2E /* DetailViewController.swift */,
				0ED94A651FE27506000BAD2E /* DetailTableViewCell.swift */,
				0E794941205122DB007B0A54 /* FBViewController.swift */,
				0E0EDC8C1FB0088000EA7CC0 /* WebviewController.swift */,
				0E6235DC2016460800C67A70 /* SDToSKCache.swift */,
				0E5743E62056309A001653AC /* StringExtension.swift */,
				0E8E224D20163C490072CC47 /* SwissArmyKnife.swift */,
				0E0EDC8E1FB0088000EA7CC0 /* Main.storyboard */,
				0E0EDC911FB0088000EA7CC0 /* Assets.xcassets */,
				0E0EDC931FB0088000EA7CC0 /* LaunchScreen.storyboard */,
				0E0EDC961FB0088100EA7CC0 /* Info.plist */,
			);
			path = HKMLApp;
			sourceTree = "<group>";
		};
		0E0EDC9E1FB0088100EA7CC0 /* HKMLAppTests */ = {
			isa = PBXGroup;
			children = (
				0E0EDC9F1FB0088100EA7CC0 /* HKMLAppTests.swift */,
				0E0EDCA11FB0088100EA7CC0 /* Info.plist */,
			);
			path = HKMLAppTests;
			sourceTree = "<group>";
		};
		0E0EDCA91FB0088100EA7CC0 /* HKMLAppUITests */ = {
			isa = PBXGroup;
			children = (
				0E0EDCAA1FB0088100EA7CC0 /* HKMLAppUITests.swift */,
				0E0EDCAC1FB0088100EA7CC0 /* Info.plist */,
			);
			path = HKMLAppUITests;
			sourceTree = "<group>";
		};
		0EF7BA341FB2EB41008FCB04 /* images */ = {
			isa = PBXGroup;
			children = (
				0E79494320512989007B0A54 /* fb.png */,
				0EA162271FCC86D3000819AC /* splash_icon@2x.png */,
				0EA162261FCC86D3000819AC /* splash_icon@3x.png */,
				0E379ECD1FB974690027B19C /* share@2x.png */,
				0E379ECE1FB9746A0027B19C /* share@3x.png */,
				0E379EC91FB969280027B19C /* home@2x.png */,
				0E379ECA1FB969290027B19C /* home@3x.png */,
				0EF7BA3A1FB2EB58008FCB04 /* back@2x.png */,
				0EF7BA391FB2EB58008FCB04 /* back@3x.png */,
				0EF7BA371FB2EB57008FCB04 /* forward@2x.png */,
				0EF7BA351FB2EB57008FCB04 /* forward@3x.png */,
				0EF7BA381FB2EB58008FCB04 /* refresh@2x.png */,
				0EF7BA361FB2EB57008FCB04 /* refresh@3x.png */,
			);
			name = images;
			sourceTree = "<group>";
		};
		96C96FD0BEF12A30511F4F99 /* Frameworks */ = {
			isa = PBXGroup;
			children = (
				D1FE86822878F89C72B482E2 /* Pods_HKMLApp.framework */,
				0DF2D66C98CE7679FE657AF7 /* Pods_HKMLAppTests.framework */,
				3BE6CB41C0A436D921A60C8E /* Pods_HKMLAppUITests.framework */,
			);
			name = Frameworks;
			sourceTree = "<group>";
		};
		F985357C9A51F5B7CD37A97A /* Pods */ = {
			isa = PBXGroup;
			children = (
				A7951B236B9C21B69C90F5C0 /* Pods-HKMLApp.debug.xcconfig */,
				C18888402D96470B70255A0B /* Pods-HKMLApp.release.xcconfig */,
				75AAF2549ACF870F86C6884E /* Pods-HKMLAppTests.debug.xcconfig */,
				7A9ECFFC5C1CF0346F37506A /* Pods-HKMLAppTests.release.xcconfig */,
				6AEF5214C9DE53AFBC907013 /* Pods-HKMLAppUITests.debug.xcconfig */,
				E0D0A0AD211F9A423609DA44 /* Pods-HKMLAppUITests.release.xcconfig */,
			);
			name = Pods;
			sourceTree = "<group>";
		};
/* End PBXGroup section */

/* Begin PBXNativeTarget section */
		0E0EDC861FB0088000EA7CC0 /* HKMLApp */ = {
			isa = PBXNativeTarget;
			buildConfigurationList = 0E0EDCAF1FB0088100EA7CC0 /* Build configuration list for PBXNativeTarget "HKMLApp" */;
			buildPhases = (
				19BFD6B07C74E9823F4DA3CC /* [CP] Check Pods Manifest.lock */,
				0E0EDC831FB0088000EA7CC0 /* Sources */,
				0E0EDC841FB0088000EA7CC0 /* Frameworks */,
				0E0EDC851FB0088000EA7CC0 /* Resources */,
				1921FA5574F5A8ADB6BCD55F /* [CP] Embed Pods Frameworks */,
				C0E3D684BC27E0A24460754E /* [CP] Copy Pods Resources */,
			);
			buildRules = (
			);
			dependencies = (
			);
			name = HKMLApp;
			productName = HKMLApp;
			productReference = 0E0EDC871FB0088000EA7CC0 /* HKMLApp.app */;
			productType = "com.apple.product-type.application";
		};
		0E0EDC9A1FB0088100EA7CC0 /* HKMLAppTests */ = {
			isa = PBXNativeTarget;
			buildConfigurationList = 0E0EDCB21FB0088100EA7CC0 /* Build configuration list for PBXNativeTarget "HKMLAppTests" */;
			buildPhases = (
				A4A34FD485690AF224D3B5E5 /* [CP] Check Pods Manifest.lock */,
				0E0EDC971FB0088100EA7CC0 /* Sources */,
				0E0EDC981FB0088100EA7CC0 /* Frameworks */,
				0E0EDC991FB0088100EA7CC0 /* Resources */,
				77CE37D6793E8182A96CBED2 /* [CP] Embed Pods Frameworks */,
				7B7DF17755B0DB02D645861C /* [CP] Copy Pods Resources */,
			);
			buildRules = (
			);
			dependencies = (
				0E0EDC9D1FB0088100EA7CC0 /* PBXTargetDependency */,
			);
			name = HKMLAppTests;
			productName = HKMLAppTests;
			productReference = 0E0EDC9B1FB0088100EA7CC0 /* HKMLAppTests.xctest */;
			productType = "com.apple.product-type.bundle.unit-test";
		};
		0E0EDCA51FB0088100EA7CC0 /* HKMLAppUITests */ = {
			isa = PBXNativeTarget;
			buildConfigurationList = 0E0EDCB51FB0088100EA7CC0 /* Build configuration list for PBXNativeTarget "HKMLAppUITests" */;
			buildPhases = (
				64D0FD7DE08399CC39EEC78D /* [CP] Check Pods Manifest.lock */,
				0E0EDCA21FB0088100EA7CC0 /* Sources */,
				0E0EDCA31FB0088100EA7CC0 /* Frameworks */,
				0E0EDCA41FB0088100EA7CC0 /* Resources */,
				E2B33C53AFE4FB4419FA3A9A /* [CP] Embed Pods Frameworks */,
				0079B3E326F3CF10D3F66BE0 /* [CP] Copy Pods Resources */,
			);
			buildRules = (
			);
			dependencies = (
				0E0EDCA81FB0088100EA7CC0 /* PBXTargetDependency */,
			);
			name = HKMLAppUITests;
			productName = HKMLAppUITests;
			productReference = 0E0EDCA61FB0088100EA7CC0 /* HKMLAppUITests.xctest */;
			productType = "com.apple.product-type.bundle.ui-testing";
		};
/* End PBXNativeTarget section */

/* Begin PBXProject section */
		0E0EDC7F1FB0088000EA7CC0 /* Project object */ = {
			isa = PBXProject;
			attributes = {
				LastSwiftUpdateCheck = 0900;
				LastUpgradeCheck = 0900;
				ORGANIZATIONNAME = "Netrogen Creative";
				TargetAttributes = {
					0E0EDC861FB0088000EA7CC0 = {
						CreatedOnToolsVersion = 9.0.1;
						ProvisioningStyle = Automatic;
						SystemCapabilities = {
							com.apple.SafariKeychain = {
								enabled = 1;
							};
						};
					};
					0E0EDC9A1FB0088100EA7CC0 = {
						CreatedOnToolsVersion = 9.0.1;
						ProvisioningStyle = Automatic;
						TestTargetID = 0E0EDC861FB0088000EA7CC0;
					};
					0E0EDCA51FB0088100EA7CC0 = {
						CreatedOnToolsVersion = 9.0.1;
						ProvisioningStyle = Automatic;
						TestTargetID = 0E0EDC861FB0088000EA7CC0;
					};
				};
			};
			buildConfigurationList = 0E0EDC821FB0088000EA7CC0 /* Build configuration list for PBXProject "HKMLApp" */;
			compatibilityVersion = "Xcode 8.0";
			developmentRegion = en;
			hasScannedForEncodings = 0;
			knownRegions = (
				en,
				Base,
			);
			mainGroup = 0E0EDC7E1FB0088000EA7CC0;
			productRefGroup = 0E0EDC881FB0088000EA7CC0 /* Products */;
			projectDirPath = "";
			projectRoot = "";
			targets = (
				0E0EDC861FB0088000EA7CC0 /* HKMLApp */,
				0E0EDC9A1FB0088100EA7CC0 /* HKMLAppTests */,
				0E0EDCA51FB0088100EA7CC0 /* HKMLAppUITests */,
			);
		};
/* End PBXProject section */

/* Begin PBXResourcesBuildPhase section */
		0E0EDC851FB0088000EA7CC0 /* Resources */ = {
			isa = PBXResourcesBuildPhase;
			buildActionMask = 2147483647;
			files = (
				0E0EDC951FB0088000EA7CC0 /* LaunchScreen.storyboard in Resources */,
				0EA162281FCC86D4000819AC /* splash_icon@3x.png in Resources */,
				0ED69044201B2FBC002DB5B2 /* jquery-1.12.4.min.js in Resources */,
				0ED6904E201B349C002DB5B2 /* jquery.touchSwipe.min.js in Resources */,
				0EF7BA3E1FB2EB58008FCB04 /* refresh@2x.png in Resources */,
				0E379ECC1FB969290027B19C /* home@3x.png in Resources */,
				0EF7BA3F1FB2EB58008FCB04 /* back@3x.png in Resources */,
				0EF7BA3B1FB2EB58008FCB04 /* forward@3x.png in Resources */,
				0ED69046201B3024002DB5B2 /* getLoginStatus.js in Resources */,
				0E7949442051298A007B0A54 /* fb.png in Resources */,
				0EF7BA3D1FB2EB58008FCB04 /* forward@2x.png in Resources */,
				0EA162291FCC86D4000819AC /* splash_icon@2x.png in Resources */,
				0E379ECB1FB969290027B19C /* home@2x.png in Resources */,
				0ED69048201B31F3002DB5B2 /* getTopModels.js in Resources */,
				0E379ED01FB9746A0027B19C /* share@3x.png in Resources */,
				0ED6904A201B32BD002DB5B2 /* getModelPhotos.js in Resources */,
				0ED6904D201B349C002DB5B2 /* hkmlApp.js in Resources */,
				0EF7BA401FB2EB58008FCB04 /* back@2x.png in Resources */,
				0E379ECF1FB9746A0027B19C /* share@2x.png in Resources */,
				0E0EDC921FB0088000EA7CC0 /* Assets.xcassets in Resources */,
				0EF7BA3C1FB2EB58008FCB04 /* refresh@3x.png in Resources */,
				0E0EDC901FB0088000EA7CC0 /* Main.storyboard in Resources */,
			);
			runOnlyForDeploymentPostprocessing = 0;
		};
		0E0EDC991FB0088100EA7CC0 /* Resources */ = {
			isa = PBXResourcesBuildPhase;
			buildActionMask = 2147483647;
			files = (
			);
			runOnlyForDeploymentPostprocessing = 0;
		};
		0E0EDCA41FB0088100EA7CC0 /* Resources */ = {
			isa = PBXResourcesBuildPhase;
			buildActionMask = 2147483647;
			files = (
			);
			runOnlyForDeploymentPostprocessing = 0;
		};
/* End PBXResourcesBuildPhase section */

/* Begin PBXShellScriptBuildPhase section */
		0079B3E326F3CF10D3F66BE0 /* [CP] Copy Pods Resources */ = {
			isa = PBXShellScriptBuildPhase;
			buildActionMask = 2147483647;
			files = (
			);
			inputPaths = (
			);
			name = "[CP] Copy Pods Resources";
			outputPaths = (
			);
			runOnlyForDeploymentPostprocessing = 0;
			shellPath = /bin/sh;
			shellScript = "\"${SRCROOT}/Pods/Target Support Files/Pods-HKMLAppUITests/Pods-HKMLAppUITests-resources.sh\"\n";
			showEnvVarsInLog = 0;
		};
		1921FA5574F5A8ADB6BCD55F /* [CP] Embed Pods Frameworks */ = {
			isa = PBXShellScriptBuildPhase;
			buildActionMask = 2147483647;
			files = (
			);
			inputPaths = (
				"${SRCROOT}/Pods/Target Support Files/Pods-HKMLApp/Pods-HKMLApp-frameworks.sh",
				"${BUILT_PRODUCTS_DIR}/Bolts/Bolts.framework",
				"${BUILT_PRODUCTS_DIR}/FBSDKCoreKit/FBSDKCoreKit.framework",
				"${BUILT_PRODUCTS_DIR}/FBSDKLoginKit/FBSDKLoginKit.framework",
				"${BUILT_PRODUCTS_DIR}/FBSDKShareKit/FBSDKShareKit.framework",
				"${BUILT_PRODUCTS_DIR}/FacebookCore/FacebookCore.framework",
				"${BUILT_PRODUCTS_DIR}/FacebookLogin/FacebookLogin.framework",
				"${BUILT_PRODUCTS_DIR}/FacebookShare/FacebookShare.framework",
				"${BUILT_PRODUCTS_DIR}/SDWebImage/SDWebImage.framework",
				"${BUILT_PRODUCTS_DIR}/SKPhotoBrowser/SKPhotoBrowser.framework",
			);
			name = "[CP] Embed Pods Frameworks";
			outputPaths = (
				"${TARGET_BUILD_DIR}/${FRAMEWORKS_FOLDER_PATH}/Bolts.framework",
				"${TARGET_BUILD_DIR}/${FRAMEWORKS_FOLDER_PATH}/FBSDKCoreKit.framework",
				"${TARGET_BUILD_DIR}/${FRAMEWORKS_FOLDER_PATH}/FBSDKLoginKit.framework",
				"${TARGET_BUILD_DIR}/${FRAMEWORKS_FOLDER_PATH}/FBSDKShareKit.framework",
				"${TARGET_BUILD_DIR}/${FRAMEWORKS_FOLDER_PATH}/FacebookCore.framework",
				"${TARGET_BUILD_DIR}/${FRAMEWORKS_FOLDER_PATH}/FacebookLogin.framework",
				"${TARGET_BUILD_DIR}/${FRAMEWORKS_FOLDER_PATH}/FacebookShare.framework",
				"${TARGET_BUILD_DIR}/${FRAMEWORKS_FOLDER_PATH}/SDWebImage.framework",
				"${TARGET_BUILD_DIR}/${FRAMEWORKS_FOLDER_PATH}/SKPhotoBrowser.framework",
			);
			runOnlyForDeploymentPostprocessing = 0;
			shellPath = /bin/sh;
			shellScript = "\"${SRCROOT}/Pods/Target Support Files/Pods-HKMLApp/Pods-HKMLApp-frameworks.sh\"\n";
			showEnvVarsInLog = 0;
		};
		19BFD6B07C74E9823F4DA3CC /* [CP] Check Pods Manifest.lock */ = {
			isa = PBXShellScriptBuildPhase;
			buildActionMask = 2147483647;
			files = (
			);
			inputPaths = (
				"${PODS_PODFILE_DIR_PATH}/Podfile.lock",
				"${PODS_ROOT}/Manifest.lock",
			);
			name = "[CP] Check Pods Manifest.lock";
			outputPaths = (
				"$(DERIVED_FILE_DIR)/Pods-HKMLApp-checkManifestLockResult.txt",
			);
			runOnlyForDeploymentPostprocessing = 0;
			shellPath = /bin/sh;
			shellScript = "diff \"${PODS_PODFILE_DIR_PATH}/Podfile.lock\" \"${PODS_ROOT}/Manifest.lock\" > /dev/null\nif [ $? != 0 ] ; then\n    # print error to STDERR\n    echo \"error: The sandbox is not in sync with the Podfile.lock. Run 'pod install' or update your CocoaPods installation.\" >&2\n    exit 1\nfi\n# This output is used by Xcode 'outputs' to avoid re-running this script phase.\necho \"SUCCESS\" > \"${SCRIPT_OUTPUT_FILE_0}\"\n";
			showEnvVarsInLog = 0;
		};
		64D0FD7DE08399CC39EEC78D /* [CP] Check Pods Manifest.lock */ = {
			isa = PBXShellScriptBuildPhase;
			buildActionMask = 2147483647;
			files = (
			);
			inputPaths = (
				"${PODS_PODFILE_DIR_PATH}/Podfile.lock",
				"${PODS_ROOT}/Manifest.lock",
			);
			name = "[CP] Check Pods Manifest.lock";
			outputPaths = (
				"$(DERIVED_FILE_DIR)/Pods-HKMLAppUITests-checkManifestLockResult.txt",
			);
			runOnlyForDeploymentPostprocessing = 0;
			shellPath = /bin/sh;
			shellScript = "diff \"${PODS_PODFILE_DIR_PATH}/Podfile.lock\" \"${PODS_ROOT}/Manifest.lock\" > /dev/null\nif [ $? != 0 ] ; then\n    # print error to STDERR\n    echo \"error: The sandbox is not in sync with the Podfile.lock. Run 'pod install' or update your CocoaPods installation.\" >&2\n    exit 1\nfi\n# This output is used by Xcode 'outputs' to avoid re-running this script phase.\necho \"SUCCESS\" > \"${SCRIPT_OUTPUT_FILE_0}\"\n";
			showEnvVarsInLog = 0;
		};
		77CE37D6793E8182A96CBED2 /* [CP] Embed Pods Frameworks */ = {
			isa = PBXShellScriptBuildPhase;
			buildActionMask = 2147483647;
			files = (
			);
			inputPaths = (
			);
			name = "[CP] Embed Pods Frameworks";
			outputPaths = (
			);
			runOnlyForDeploymentPostprocessing = 0;
			shellPath = /bin/sh;
			shellScript = "\"${SRCROOT}/Pods/Target Support Files/Pods-HKMLAppTests/Pods-HKMLAppTests-frameworks.sh\"\n";
			showEnvVarsInLog = 0;
		};
		7B7DF17755B0DB02D645861C /* [CP] Copy Pods Resources */ = {
			isa = PBXShellScriptBuildPhase;
			buildActionMask = 2147483647;
			files = (
			);
			inputPaths = (
			);
			name = "[CP] Copy Pods Resources";
			outputPaths = (
			);
			runOnlyForDeploymentPostprocessing = 0;
			shellPath = /bin/sh;
			shellScript = "\"${SRCROOT}/Pods/Target Support Files/Pods-HKMLAppTests/Pods-HKMLAppTests-resources.sh\"\n";
			showEnvVarsInLog = 0;
		};
		A4A34FD485690AF224D3B5E5 /* [CP] Check Pods Manifest.lock */ = {
			isa = PBXShellScriptBuildPhase;
			buildActionMask = 2147483647;
			files = (
			);
			inputPaths = (
				"${PODS_PODFILE_DIR_PATH}/Podfile.lock",
				"${PODS_ROOT}/Manifest.lock",
			);
			name = "[CP] Check Pods Manifest.lock";
			outputPaths = (
				"$(DERIVED_FILE_DIR)/Pods-HKMLAppTests-checkManifestLockResult.txt",
			);
			runOnlyForDeploymentPostprocessing = 0;
			shellPath = /bin/sh;
			shellScript = "diff \"${PODS_PODFILE_DIR_PATH}/Podfile.lock\" \"${PODS_ROOT}/Manifest.lock\" > /dev/null\nif [ $? != 0 ] ; then\n    # print error to STDERR\n    echo \"error: The sandbox is not in sync with the Podfile.lock. Run 'pod install' or update your CocoaPods installation.\" >&2\n    exit 1\nfi\n# This output is used by Xcode 'outputs' to avoid re-running this script phase.\necho \"SUCCESS\" > \"${SCRIPT_OUTPUT_FILE_0}\"\n";
			showEnvVarsInLog = 0;
		};
		C0E3D684BC27E0A24460754E /* [CP] Copy Pods Resources */ = {
			isa = PBXShellScriptBuildPhase;
			buildActionMask = 2147483647;
			files = (
			);
			inputPaths = (
			);
			name = "[CP] Copy Pods Resources";
			outputPaths = (
			);
			runOnlyForDeploymentPostprocessing = 0;
			shellPath = /bin/sh;
			shellScript = "\"${SRCROOT}/Pods/Target Support Files/Pods-HKMLApp/Pods-HKMLApp-resources.sh\"\n";
			showEnvVarsInLog = 0;
		};
		E2B33C53AFE4FB4419FA3A9A /* [CP] Embed Pods Frameworks */ = {
			isa = PBXShellScriptBuildPhase;
			buildActionMask = 2147483647;
			files = (
			);
			inputPaths = (
			);
			name = "[CP] Embed Pods Frameworks";
			outputPaths = (
			);
			runOnlyForDeploymentPostprocessing = 0;
			shellPath = /bin/sh;
			shellScript = "\"${SRCROOT}/Pods/Target Support Files/Pods-HKMLAppUITests/Pods-HKMLAppUITests-frameworks.sh\"\n";
			showEnvVarsInLog = 0;
		};
/* End PBXShellScriptBuildPhase section */

/* Begin PBXSourcesBuildPhase section */
		0E0EDC831FB0088000EA7CC0 /* Sources */ = {
			isa = PBXSourcesBuildPhase;
			buildActionMask = 2147483647;
			files = (
				0E3A01C21FFA2DB200192CAC /* LoginViewController.swift in Sources */,
				0E8E224E20163C490072CC47 /* SwissArmyKnife.swift in Sources */,
				0E794942205122DB007B0A54 /* FBViewController.swift in Sources */,
				0E0EDC8D1FB0088000EA7CC0 /* WebviewController.swift in Sources */,
				0E6607271FCBB77F00B168ED /* TopModelsTableViewCell.swift in Sources */,
				0E0EDC8B1FB0088000EA7CC0 /* AppDelegate.swift in Sources */,
				0E6607261FCBB77F00B168ED /* MasterViewController.swift in Sources */,
				0ED94A661FE27507000BAD2E /* DetailTableViewCell.swift in Sources */,
				0E5743E72056309A001653AC /* StringExtension.swift in Sources */,
				0ED94A641FE26552000BAD2E /* DetailViewController.swift in Sources */,
				0E3A023E1FFC9DA900192CAC /* MultipageViewController.swift in Sources */,
				0E6235DD2016460800C67A70 /* SDToSKCache.swift in Sources */,
			);
			runOnlyForDeploymentPostprocessing = 0;
		};
		0E0EDC971FB0088100EA7CC0 /* Sources */ = {
			isa = PBXSourcesBuildPhase;
			buildActionMask = 2147483647;
			files = (
				0E0EDCA01FB0088100EA7CC0 /* HKMLAppTests.swift in Sources */,
			);
			runOnlyForDeploymentPostprocessing = 0;
		};
		0E0EDCA21FB0088100EA7CC0 /* Sources */ = {
			isa = PBXSourcesBuildPhase;
			buildActionMask = 2147483647;
			files = (
				0E0EDCAB1FB0088100EA7CC0 /* HKMLAppUITests.swift in Sources */,
			);
			runOnlyForDeploymentPostprocessing = 0;
		};
/* End PBXSourcesBuildPhase section */

/* Begin PBXTargetDependency section */
		0E0EDC9D1FB0088100EA7CC0 /* PBXTargetDependency */ = {
			isa = PBXTargetDependency;
			target = 0E0EDC861FB0088000EA7CC0 /* HKMLApp */;
			targetProxy = 0E0EDC9C1FB0088100EA7CC0 /* PBXContainerItemProxy */;
		};
		0E0EDCA81FB0088100EA7CC0 /* PBXTargetDependency */ = {
			isa = PBXTargetDependency;
			target = 0E0EDC861FB0088000EA7CC0 /* HKMLApp */;
			targetProxy = 0E0EDCA71FB0088100EA7CC0 /* PBXContainerItemProxy */;
		};
/* End PBXTargetDependency section */

/* Begin PBXVariantGroup section */
		0E0EDC8E1FB0088000EA7CC0 /* Main.storyboard */ = {
			isa = PBXVariantGroup;
			children = (
				0E0EDC8F1FB0088000EA7CC0 /* Base */,
			);
			name = Main.storyboard;
			sourceTree = "<group>";
		};
		0E0EDC931FB0088000EA7CC0 /* LaunchScreen.storyboard */ = {
			isa = PBXVariantGroup;
			children = (
				0E0EDC941FB0088000EA7CC0 /* Base */,
			);
			name = LaunchScreen.storyboard;
			sourceTree = "<group>";
		};
/* End PBXVariantGroup section */

/* Begin XCBuildConfiguration section */
		0E0EDCAD1FB0088100EA7CC0 /* Debug */ = {
			isa = XCBuildConfiguration;
			buildSettings = {
				ALWAYS_SEARCH_USER_PATHS = NO;
				CLANG_ANALYZER_NONNULL = YES;
				CLANG_ANALYZER_NUMBER_OBJECT_CONVERSION = YES_AGGRESSIVE;
				CLANG_CXX_LANGUAGE_STANDARD = "gnu++14";
				CLANG_CXX_LIBRARY = "libc++";
				CLANG_ENABLE_MODULES = YES;
				CLANG_ENABLE_OBJC_ARC = YES;
				CLANG_WARN_BLOCK_CAPTURE_AUTORELEASING = YES;
				CLANG_WARN_BOOL_CONVERSION = YES;
				CLANG_WARN_COMMA = YES;
				CLANG_WARN_CONSTANT_CONVERSION = YES;
				CLANG_WARN_DIRECT_OBJC_ISA_USAGE = YES_ERROR;
				CLANG_WARN_DOCUMENTATION_COMMENTS = YES;
				CLANG_WARN_EMPTY_BODY = YES;
				CLANG_WARN_ENUM_CONVERSION = YES;
				CLANG_WARN_INFINITE_RECURSION = YES;
				CLANG_WARN_INT_CONVERSION = YES;
				CLANG_WARN_NON_LITERAL_NULL_CONVERSION = YES;
				CLANG_WARN_OBJC_LITERAL_CONVERSION = YES;
				CLANG_WARN_OBJC_ROOT_CLASS = YES_ERROR;
				CLANG_WARN_RANGE_LOOP_ANALYSIS = YES;
				CLANG_WARN_STRICT_PROTOTYPES = YES;
				CLANG_WARN_SUSPICIOUS_MOVE = YES;
				CLANG_WARN_UNGUARDED_AVAILABILITY = YES_AGGRESSIVE;
				CLANG_WARN_UNREACHABLE_CODE = YES;
				CLANG_WARN__DUPLICATE_METHOD_MATCH = YES;
				CODE_SIGN_IDENTITY = "iPhone Developer";
				COPY_PHASE_STRIP = NO;
				DEBUG_INFORMATION_FORMAT = dwarf;
				ENABLE_STRICT_OBJC_MSGSEND = YES;
				ENABLE_TESTABILITY = YES;
				GCC_C_LANGUAGE_STANDARD = gnu11;
				GCC_DYNAMIC_NO_PIC = NO;
				GCC_NO_COMMON_BLOCKS = YES;
				GCC_OPTIMIZATION_LEVEL = 0;
				GCC_PREPROCESSOR_DEFINITIONS = (
					"DEBUG=1",
					"$(inherited)",
				);
				GCC_WARN_64_TO_32_BIT_CONVERSION = YES;
				GCC_WARN_ABOUT_RETURN_TYPE = YES_ERROR;
				GCC_WARN_UNDECLARED_SELECTOR = YES;
				GCC_WARN_UNINITIALIZED_AUTOS = YES_AGGRESSIVE;
				GCC_WARN_UNUSED_FUNCTION = YES;
				GCC_WARN_UNUSED_VARIABLE = YES;
				IPHONEOS_DEPLOYMENT_TARGET = 11.0;
				MTL_ENABLE_DEBUG_INFO = YES;
				ONLY_ACTIVE_ARCH = YES;
				SDKROOT = iphoneos;
				SWIFT_ACTIVE_COMPILATION_CONDITIONS = DEBUG;
				SWIFT_OPTIMIZATION_LEVEL = "-Onone";
			};
			name = Debug;
		};
		0E0EDCAE1FB0088100EA7CC0 /* Release */ = {
			isa = XCBuildConfiguration;
			buildSettings = {
				ALWAYS_SEARCH_USER_PATHS = NO;
				CLANG_ANALYZER_NONNULL = YES;
				CLANG_ANALYZER_NUMBER_OBJECT_CONVERSION = YES_AGGRESSIVE;
				CLANG_CXX_LANGUAGE_STANDARD = "gnu++14";
				CLANG_CXX_LIBRARY = "libc++";
				CLANG_ENABLE_MODULES = YES;
				CLANG_ENABLE_OBJC_ARC = YES;
				CLANG_WARN_BLOCK_CAPTURE_AUTORELEASING = YES;
				CLANG_WARN_BOOL_CONVERSION = YES;
				CLANG_WARN_COMMA = YES;
				CLANG_WARN_CONSTANT_CONVERSION = YES;
				CLANG_WARN_DIRECT_OBJC_ISA_USAGE = YES_ERROR;
				CLANG_WARN_DOCUMENTATION_COMMENTS = YES;
				CLANG_WARN_EMPTY_BODY = YES;
				CLANG_WARN_ENUM_CONVERSION = YES;
				CLANG_WARN_INFINITE_RECURSION = YES;
				CLANG_WARN_INT_CONVERSION = YES;
				CLANG_WARN_NON_LITERAL_NULL_CONVERSION = YES;
				CLANG_WARN_OBJC_LITERAL_CONVERSION = YES;
				CLANG_WARN_OBJC_ROOT_CLASS = YES_ERROR;
				CLANG_WARN_RANGE_LOOP_ANALYSIS = YES;
				CLANG_WARN_STRICT_PROTOTYPES = YES;
				CLANG_WARN_SUSPICIOUS_MOVE = YES;
				CLANG_WARN_UNGUARDED_AVAILABILITY = YES_AGGRESSIVE;
				CLANG_WARN_UNREACHABLE_CODE = YES;
				CLANG_WARN__DUPLICATE_METHOD_MATCH = YES;
				CODE_SIGN_IDENTITY = "iPhone Developer";
				COPY_PHASE_STRIP = NO;
				DEBUG_INFORMATION_FORMAT = "dwarf-with-dsym";
				ENABLE_NS_ASSERTIONS = NO;
				ENABLE_STRICT_OBJC_MSGSEND = YES;
				GCC_C_LANGUAGE_STANDARD = gnu11;
				GCC_NO_COMMON_BLOCKS = YES;
				GCC_WARN_64_TO_32_BIT_CONVERSION = YES;
				GCC_WARN_ABOUT_RETURN_TYPE = YES_ERROR;
				GCC_WARN_UNDECLARED_SELECTOR = YES;
				GCC_WARN_UNINITIALIZED_AUTOS = YES_AGGRESSIVE;
				GCC_WARN_UNUSED_FUNCTION = YES;
				GCC_WARN_UNUSED_VARIABLE = YES;
				IPHONEOS_DEPLOYMENT_TARGET = 11.0;
				MTL_ENABLE_DEBUG_INFO = NO;
				SDKROOT = iphoneos;
				SWIFT_OPTIMIZATION_LEVEL = "-Owholemodule";
				VALIDATE_PRODUCT = YES;
			};
			name = Release;
		};
		0E0EDCB01FB0088100EA7CC0 /* Debug */ = {
			isa = XCBuildConfiguration;
			baseConfigurationReference = A7951B236B9C21B69C90F5C0 /* Pods-HKMLApp.debug.xcconfig */;
			buildSettings = {
				ASSETCATALOG_COMPILER_APPICON_NAME = AppIcon;
				CODE_SIGN_ENTITLEMENTS = HKMLApp/HKMLApp.entitlements;
				"CODE_SIGN_IDENTITY[sdk=iphoneos*]" = "iPhone Developer";
				CODE_SIGN_STYLE = Automatic;
				DEVELOPMENT_TEAM = D86T58VH7H;
				INFOPLIST_FILE = HKMLApp/Info.plist;
				IPHONEOS_DEPLOYMENT_TARGET = 11.0;
				LD_RUNPATH_SEARCH_PATHS = "$(inherited) @executable_path/Frameworks";
				PRODUCT_BUNDLE_IDENTIFIER = net.netrogen.HKMLApp;
				PRODUCT_NAME = "$(TARGET_NAME)";
				PROVISIONING_PROFILE_SPECIFIER = "";
				SWIFT_VERSION = 4.0;
				TARGETED_DEVICE_FAMILY = 1;
			};
			name = Debug;
		};
		0E0EDCB11FB0088100EA7CC0 /* Release */ = {
			isa = XCBuildConfiguration;
			baseConfigurationReference = C18888402D96470B70255A0B /* Pods-HKMLApp.release.xcconfig */;
			buildSettings = {
				ASSETCATALOG_COMPILER_APPICON_NAME = AppIcon;
				CODE_SIGN_ENTITLEMENTS = HKMLApp/HKMLApp.entitlements;
				"CODE_SIGN_IDENTITY[sdk=iphoneos*]" = "iPhone Developer";
				CODE_SIGN_STYLE = Automatic;
				DEVELOPMENT_TEAM = D86T58VH7H;
				INFOPLIST_FILE = HKMLApp/Info.plist;
				IPHONEOS_DEPLOYMENT_TARGET = 11.0;
				LD_RUNPATH_SEARCH_PATHS = "$(inherited) @executable_path/Frameworks";
				PRODUCT_BUNDLE_IDENTIFIER = net.netrogen.HKMLApp;
				PRODUCT_NAME = "$(TARGET_NAME)";
				PROVISIONING_PROFILE_SPECIFIER = "";
				SWIFT_VERSION = 4.0;
				TARGETED_DEVICE_FAMILY = 1;
			};
			name = Release;
		};
		0E0EDCB31FB0088100EA7CC0 /* Debug */ = {
			isa = XCBuildConfiguration;
			baseConfigurationReference = 75AAF2549ACF870F86C6884E /* Pods-HKMLAppTests.debug.xcconfig */;
			buildSettings = {
				ALWAYS_EMBED_SWIFT_STANDARD_LIBRARIES = YES;
				BUNDLE_LOADER = "$(TEST_HOST)";
				CODE_SIGN_STYLE = Automatic;
				DEVELOPMENT_TEAM = D86T58VH7H;
				INFOPLIST_FILE = HKMLAppTests/Info.plist;
				LD_RUNPATH_SEARCH_PATHS = "$(inherited) @executable_path/Frameworks @loader_path/Frameworks";
				PRODUCT_BUNDLE_IDENTIFIER = netrogen.HKMLAppTests;
				PRODUCT_NAME = "$(TARGET_NAME)";
				SWIFT_VERSION = 4.0;
				TARGETED_DEVICE_FAMILY = "1,2";
				TEST_HOST = "$(BUILT_PRODUCTS_DIR)/HKMLApp.app/HKMLApp";
			};
			name = Debug;
		};
		0E0EDCB41FB0088100EA7CC0 /* Release */ = {
			isa = XCBuildConfiguration;
			baseConfigurationReference = 7A9ECFFC5C1CF0346F37506A /* Pods-HKMLAppTests.release.xcconfig */;
			buildSettings = {
				ALWAYS_EMBED_SWIFT_STANDARD_LIBRARIES = YES;
				BUNDLE_LOADER = "$(TEST_HOST)";
				CODE_SIGN_STYLE = Automatic;
				DEVELOPMENT_TEAM = D86T58VH7H;
				INFOPLIST_FILE = HKMLAppTests/Info.plist;
				LD_RUNPATH_SEARCH_PATHS = "$(inherited) @executable_path/Frameworks @loader_path/Frameworks";
				PRODUCT_BUNDLE_IDENTIFIER = netrogen.HKMLAppTests;
				PRODUCT_NAME = "$(TARGET_NAME)";
				SWIFT_VERSION = 4.0;
				TARGETED_DEVICE_FAMILY = "1,2";
				TEST_HOST = "$(BUILT_PRODUCTS_DIR)/HKMLApp.app/HKMLApp";
			};
			name = Release;
		};
		0E0EDCB61FB0088100EA7CC0 /* Debug */ = {
			isa = XCBuildConfiguration;
			baseConfigurationReference = 6AEF5214C9DE53AFBC907013 /* Pods-HKMLAppUITests.debug.xcconfig */;
			buildSettings = {
				ALWAYS_EMBED_SWIFT_STANDARD_LIBRARIES = YES;
				CODE_SIGN_STYLE = Automatic;
				DEVELOPMENT_TEAM = D86T58VH7H;
				INFOPLIST_FILE = HKMLAppUITests/Info.plist;
				LD_RUNPATH_SEARCH_PATHS = "$(inherited) @executable_path/Frameworks @loader_path/Frameworks";
				PRODUCT_BUNDLE_IDENTIFIER = netrogen.HKMLAppUITests;
				PRODUCT_NAME = "$(TARGET_NAME)";
				SWIFT_VERSION = 4.0;
				TARGETED_DEVICE_FAMILY = "1,2";
				TEST_TARGET_NAME = HKMLApp;
			};
			name = Debug;
		};
		0E0EDCB71FB0088100EA7CC0 /* Release */ = {
			isa = XCBuildConfiguration;
			baseConfigurationReference = E0D0A0AD211F9A423609DA44 /* Pods-HKMLAppUITests.release.xcconfig */;
			buildSettings = {
				ALWAYS_EMBED_SWIFT_STANDARD_LIBRARIES = YES;
				CODE_SIGN_STYLE = Automatic;
				DEVELOPMENT_TEAM = D86T58VH7H;
				INFOPLIST_FILE = HKMLAppUITests/Info.plist;
				LD_RUNPATH_SEARCH_PATHS = "$(inherited) @executable_path/Frameworks @loader_path/Frameworks";
				PRODUCT_BUNDLE_IDENTIFIER = netrogen.HKMLAppUITests;
				PRODUCT_NAME = "$(TARGET_NAME)";
				SWIFT_VERSION = 4.0;
				TARGETED_DEVICE_FAMILY = "1,2";
				TEST_TARGET_NAME = HKMLApp;
			};
			name = Release;
		};
/* End XCBuildConfiguration section */

/* Begin XCConfigurationList section */
		0E0EDC821FB0088000EA7CC0 /* Build configuration list for PBXProject "HKMLApp" */ = {
			isa = XCConfigurationList;
			buildConfigurations = (
				0E0EDCAD1FB0088100EA7CC0 /* Debug */,
				0E0EDCAE1FB0088100EA7CC0 /* Release */,
			);
			defaultConfigurationIsVisible = 0;
			defaultConfigurationName = Release;
		};
		0E0EDCAF1FB0088100EA7CC0 /* Build configuration list for PBXNativeTarget "HKMLApp" */ = {
			isa = XCConfigurationList;
			buildConfigurations = (
				0E0EDCB01FB0088100EA7CC0 /* Debug */,
				0E0EDCB11FB0088100EA7CC0 /* Release */,
			);
			defaultConfigurationIsVisible = 0;
			defaultConfigurationName = Release;
		};
		0E0EDCB21FB0088100EA7CC0 /* Build configuration list for PBXNativeTarget "HKMLAppTests" */ = {
			isa = XCConfigurationList;
			buildConfigurations = (
				0E0EDCB31FB0088100EA7CC0 /* Debug */,
				0E0EDCB41FB0088100EA7CC0 /* Release */,
			);
			defaultConfigurationIsVisible = 0;
			defaultConfigurationName = Release;
		};
		0E0EDCB51FB0088100EA7CC0 /* Build configuration list for PBXNativeTarget "HKMLAppUITests" */ = {
			isa = XCConfigurationList;
			buildConfigurations = (
				0E0EDCB61FB0088100EA7CC0 /* Debug */,
				0E0EDCB71FB0088100EA7CC0 /* Release */,
			);
			defaultConfigurationIsVisible = 0;
			defaultConfigurationName = Release;
		};
/* End XCConfigurationList section */
	};
	rootObject = 0E0EDC7F1FB0088000EA7CC0 /* Project object */;
}
